
Microsoft Visual Studio Solution File, Format Version 12.00
# Visual Studio Version 17
VisualStudioVersion = 17.4.33213.308
MinimumVisualStudioVersion = 10.0.40219.1
Project("{9A19103F-16F7-4668-BE54-9A1E7A4F7556}") = "PL", "PL\PL.csproj", "{485CBAE8-483E-449C-B88D-54696E2F1C9A}"
EndProject
Project("{9A19103F-16F7-4668-BE54-9A1E7A4F7556}") = "BL", "BL\BL.csproj", "{7FEDEA7B-816D-41EF-BECB-5F69820804E0}"
EndProject
Project("{9A19103F-16F7-4668-BE54-9A1E7A4F7556}") = "ML", "ML\ML.csproj", "{EADB67A4-DE2A-46EA-906C-9BD3CB3DCEE1}"
EndProject
Project("{9A19103F-16F7-4668-BE54-9A1E7A4F7556}") = "DL", "DL\DL.csproj", "{C79A150D-84FA-4D72-B766-2689398B0CD8}"
EndProject
Project("{FAE04EC0-301F-11D3-BF4B-00C04F79EFBC}") = "SL", "SL\SL.csproj", "{FA83F5E5-DC0C-48B7-B86F-E597138AFA17}"
EndProject
Global
	GlobalSection(SolutionConfigurationPlatforms) = preSolution
		Debug|Any CPU = Debug|Any CPU
		Release|Any CPU = Release|Any CPU
	EndGlobalSection
	GlobalSection(ProjectConfigurationPlatforms) = postSolution
		{485CBAE8-483E-449C-B88D-54696E2F1C9A}.Debug|Any CPU.ActiveCfg = Debug|Any CPU
		{485CBAE8-483E-449C-B88D-54696E2F1C9A}.Debug|Any CPU.Build.0 = Debug|Any CPU
		{485CBAE8-483E-449C-B88D-54696E2F1C9A}.Release|Any CPU.ActiveCfg = Release|Any CPU
		{485CBAE8-483E-449C-B88D-54696E2F1C9A}.Release|Any CPU.Build.0 = Release|Any CPU
		{7FEDEA7B-816D-41EF-BECB-5F69820804E0}.Debug|Any CPU.ActiveCfg = Debug|Any CPU
		{7FEDEA7B-816D-41EF-BECB-5F69820804E0}.Debug|Any CPU.Build.0 = Debug|Any CPU
		{7FEDEA7B-816D-41EF-BECB-5F69820804E0}.Release|Any CPU.ActiveCfg = Release|Any CPU
		{7FEDEA7B-816D-41EF-BECB-5F69820804E0}.Release|Any CPU.Build.0 = Release|Any CPU
		{EADB67A4-DE2A-46EA-906C-9BD3CB3DCEE1}.Debug|Any CPU.ActiveCfg = Debug|Any CPU
		{EADB67A4-DE2A-46EA-906C-9BD3CB3DCEE1}.Debug|Any CPU.Build.0 = Debug|Any CPU
		{EADB67A4-DE2A-46EA-906C-9BD3CB3DCEE1}.Release|Any CPU.ActiveCfg = Release|Any CPU
		{EADB67A4-DE2A-46EA-906C-9BD3CB3DCEE1}.Release|Any CPU.Build.0 = Release|Any CPU
		{C79A150D-84FA-4D72-B766-2689398B0CD8}.Debug|Any CPU.ActiveCfg = Debug|Any CPU
		{C79A150D-84FA-4D72-B766-2689398B0CD8}.Debug|Any CPU.Build.0 = Debug|Any CPU
		{C79A150D-84FA-4D72-B766-2689398B0CD8}.Release|Any CPU.ActiveCfg = Release|Any CPU
		{C79A150D-84FA-4D72-B766-2689398B0CD8}.Release|Any CPU.Build.0 = Release|Any CPU
		{FA83F5E5-DC0C-48B7-B86F-E597138AFA17}.Debug|Any CPU.ActiveCfg = Debug|Any CPU
		{FA83F5E5-DC0C-48B7-B86F-E597138AFA17}.Debug|Any CPU.Build.0 = Debug|Any CPU
		{FA83F5E5-DC0C-48B7-B86F-E597138AFA17}.Release|Any CPU.ActiveCfg = Release|Any CPU
		{FA83F5E5-DC0C-48B7-B86F-E597138AFA17}.Release|Any CPU.Build.0 = Release|Any CPU
	EndGlobalSection
	GlobalSection(SolutionProperties) = preSolution
		HideSolutionNode = FALSE
	EndGlobalSection
	GlobalSection(ExtensibilityGlobals) = postSolution
		SolutionGuid = {AEE83F99-AABF-4417-8506-448CE0C78F23}
	EndGlobalSection
EndGlobal
